
Microsoft Visual Studio Solution File, Format Version 12.00
# Visual Studio 15
Project("{FAE04EC0-301F-11D3-BF4B-00C04F79EFBC}") = "Assembly-CSharp", "Assembly-CSharp.csproj", "{F95B9255-B066-4FEF-0CD1-19B225EE525B}"
EndProject
Project("{FAE04EC0-301F-11D3-BF4B-00C04F79EFBC}") = "Assembly-CSharp-Editor", "Assembly-CSharp-Editor.csproj", "{5E22C771-7BCA-B699-11B9-B501B9A2AB9C}"
EndProject
Global
	GlobalSection(SolutionConfigurationPlatforms) = preSolution
		Debug|Any CPU = Debug|Any CPU
		Release|Any CPU = Release|Any CPU
	EndGlobalSection
	GlobalSection(ProjectConfigurationPlatforms) = postSolution
		{F95B9255-B066-4FEF-0CD1-19B225EE525B}.Debug|Any CPU.ActiveCfg = Debug|Any CPU
		{F95B9255-B066-4FEF-0CD1-19B225EE525B}.Debug|Any CPU.Build.0 = Debug|Any CPU
		{F95B9255-B066-4FEF-0CD1-19B225EE525B}.Release|Any CPU.ActiveCfg = Release|Any CPU
		{F95B9255-B066-4FEF-0CD1-19B225EE525B}.Release|Any CPU.Build.0 = Release|Any CPU
		{5E22C771-7BCA-B699-11B9-B501B9A2AB9C}.Debug|Any CPU.ActiveCfg = Debug|Any CPU
		{5E22C771-7BCA-B699-11B9-B501B9A2AB9C}.Debug|Any CPU.Build.0 = Debug|Any CPU
		{5E22C771-7BCA-B699-11B9-B501B9A2AB9C}.Release|Any CPU.ActiveCfg = Release|Any CPU
		{5E22C771-7BCA-B699-11B9-B501B9A2AB9C}.Release|Any CPU.Build.0 = Release|Any CPU
	EndGlobalSection
	GlobalSection(SolutionProperties) = preSolution
		HideSolutionNode = FALSE
	EndGlobalSection
EndGlobal
